// !$*UTF8*$!
{
	archiveVersion = 1;
	classes = {
	};
	objectVersion = 48;
	objects = {

/* Begin PBXBuildFile section */
		7E2440021F7D4962006019D6 /* hustle-on.wav in Resources */ = {isa = PBXBuildFile; fileRef = 7E2440011F7D36DF006019D6 /* hustle-on.wav */; };
		7ECB32FA1F7D0FF100454711 /* AppDelegate.swift in Sources */ = {isa = PBXBuildFile; fileRef = 7ECB32F91F7D0FF100454711 /* AppDelegate.swift */; };
		7ECB32FC1F7D0FF100454711 /* ViewController.swift in Sources */ = {isa = PBXBuildFile; fileRef = 7ECB32FB1F7D0FF100454711 /* ViewController.swift */; };
		7ECB32FF1F7D0FF100454711 /* Main.storyboard in Resources */ = {isa = PBXBuildFile; fileRef = 7ECB32FD1F7D0FF100454711 /* Main.storyboard */; };
		7ECB33011F7D0FF100454711 /* Assets.xcassets in Resources */ = {isa = PBXBuildFile; fileRef = 7ECB33001F7D0FF100454711 /* Assets.xcassets */; };
		7ECB33041F7D0FF100454711 /* LaunchScreen.storyboard in Resources */ = {isa = PBXBuildFile; fileRef = 7ECB33021F7D0FF100454711 /* LaunchScreen.storyboard */; };
		7ECB330F1F7D0FF100454711 /* hustle_modeTests.swift in Sources */ = {isa = PBXBuildFile; fileRef = 7ECB330E1F7D0FF100454711 /* hustle_modeTests.swift */; };
		7ECB331A1F7D0FF200454711 /* hustle_modeUITests.swift in Sources */ = {isa = PBXBuildFile; fileRef = 7ECB33191F7D0FF200454711 /* hustle_modeUITests.swift */; };
/* End PBXBuildFile section */

/* Begin PBXContainerItemProxy section */
		7ECB330B1F7D0FF100454711 /* PBXContainerItemProxy */ = {
			isa = PBXContainerItemProxy;
			containerPortal = 7ECB32EE1F7D0FF100454711 /* Project object */;
			proxyType = 1;
			remoteGlobalIDString = 7ECB32F51F7D0FF100454711;
			remoteInfo = "hustle-mode";
		};
		7ECB33161F7D0FF200454711 /* PBXContainerItemProxy */ = {
			isa = PBXContainerItemProxy;
			containerPortal = 7ECB32EE1F7D0FF100454711 /* Project object */;
			proxyType = 1;
			remoteGlobalIDString = 7ECB32F51F7D0FF100454711;
			remoteInfo = "hustle-mode";
		};
/* End PBXContainerItemProxy section */

/* Begin PBXFileReference section */
		7E2440011F7D36DF006019D6 /* hustle-on.wav */ = {isa = PBXFileReference; lastKnownFileType = audio.wav; path = "hustle-on.wav"; sourceTree = "<group>"; };
		7ECB32F61F7D0FF100454711 /* hustle-mode.app */ = {isa = PBXFileReference; explicitFileType = wrapper.application; includeInIndex = 0; path = "hustle-mode.app"; sourceTree = BUILT_PRODUCTS_DIR; };
		7ECB32F91F7D0FF100454711 /* AppDelegate.swift */ = {isa = PBXFileReference; lastKnownFileType = sourcecode.swift; path = AppDelegate.swift; sourceTree = "<group>"; };
		7ECB32FB1F7D0FF100454711 /* ViewController.swift */ = {isa = PBXFileReference; lastKnownFileType = sourcecode.swift; path = ViewController.swift; sourceTree = "<group>"; };
		7ECB32FE1F7D0FF100454711 /* Base */ = {isa = PBXFileReference; lastKnownFileType = file.storyboard; name = Base; path = Base.lproj/Main.storyboard; sourceTree = "<group>"; };
		7ECB33001F7D0FF100454711 /* Assets.xcassets */ = {isa = PBXFileReference; lastKnownFileType = folder.assetcatalog; path = Assets.xcassets; sourceTree = "<group>"; };
		7ECB33031F7D0FF100454711 /* Base */ = {isa = PBXFileReference; lastKnownFileType = file.storyboard; name = Base; path = Base.lproj/LaunchScreen.storyboard; sourceTree = "<group>"; };
		7ECB33051F7D0FF100454711 /* Info.plist */ = {isa = PBXFileReference; lastKnownFileType = text.plist.xml; path = Info.plist; sourceTree = "<group>"; };
		7ECB330A1F7D0FF100454711 /* hustle-modeTests.xctest */ = {isa = PBXFileReference; explicitFileType = wrapper.cfbundle; includeInIndex = 0; path = "hustle-modeTests.xctest"; sourceTree = BUILT_PRODUCTS_DIR; };
		7ECB330E1F7D0FF100454711 /* hustle_modeTests.swift */ = {isa = PBXFileReference; lastKnownFileType = sourcecode.swift; path = hustle_modeTests.swift; sourceTree = "<group>"; };
		7ECB33101F7D0FF200454711 /* Info.plist */ = {isa = PBXFileReference; lastKnownFileType = text.plist.xml; path = Info.plist; sourceTree = "<group>"; };
		7ECB33151F7D0FF200454711 /* hustle-modeUITests.xctest */ = {isa = PBXFileReference; explicitFileType = wrapper.cfbundle; includeInIndex = 0; path = "hustle-modeUITests.xctest"; sourceTree = BUILT_PRODUCTS_DIR; };
		7ECB33191F7D0FF200454711 /* hustle_modeUITests.swift */ = {isa = PBXFileReference; lastKnownFileType = sourcecode.swift; path = hustle_modeUITests.swift; sourceTree = "<group>"; };
		7ECB331B1F7D0FF200454711 /* Info.plist */ = {isa = PBXFileReference; lastKnownFileType = text.plist.xml; path = Info.plist; sourceTree = "<group>"; };
/* End PBXFileReference section */

/* Begin PBXFrameworksBuildPhase section */
		7ECB32F31F7D0FF100454711 /* Frameworks */ = {
			isa = PBXFrameworksBuildPhase;
			buildActionMask = 2147483647;
			files = (
			);
			runOnlyForDeploymentPostprocessing = 0;
		};
		7ECB33071F7D0FF100454711 /* Frameworks */ = {
			isa = PBXFrameworksBuildPhase;
			buildActionMask = 2147483647;
			files = (
			);
			runOnlyForDeploymentPostprocessing = 0;
		};
		7ECB33121F7D0FF200454711 /* Frameworks */ = {
			isa = PBXFrameworksBuildPhase;
			buildActionMask = 2147483647;
			files = (
			);
			runOnlyForDeploymentPostprocessing = 0;
		};
/* End PBXFrameworksBuildPhase section */

/* Begin PBXGroup section */
		7ECB32ED1F7D0FF100454711 = {
			isa = PBXGroup;
			children = (
				7ECB32F81F7D0FF100454711 /* hustle-mode */,
				7ECB330D1F7D0FF100454711 /* hustle-modeTests */,
				7ECB33181F7D0FF200454711 /* hustle-modeUITests */,
				7ECB32F71F7D0FF100454711 /* Products */,
			);
			sourceTree = "<group>";
		};
		7ECB32F71F7D0FF100454711 /* Products */ = {
			isa = PBXGroup;
			children = (
				7ECB32F61F7D0FF100454711 /* hustle-mode.app */,
				7ECB330A1F7D0FF100454711 /* hustle-modeTests.xctest */,
				7ECB33151F7D0FF200454711 /* hustle-modeUITests.xctest */,
			);
			name = Products;
			sourceTree = "<group>";
		};
		7ECB32F81F7D0FF100454711 /* hustle-mode */ = {
			isa = PBXGroup;
			children = (
				7ECB33001F7D0FF100454711 /* Assets.xcassets */,
				7ECB32F91F7D0FF100454711 /* AppDelegate.swift */,
				7ECB32FB1F7D0FF100454711 /* ViewController.swift */,
				7E2440011F7D36DF006019D6 /* hustle-on.wav */,
				7ECB32FD1F7D0FF100454711 /* Main.storyboard */,
				7ECB33021F7D0FF100454711 /* LaunchScreen.storyboard */,
				7ECB33051F7D0FF100454711 /* Info.plist */,
			);
			path = "hustle-mode";
			sourceTree = "<group>";
		};
		7ECB330D1F7D0FF100454711 /* hustle-modeTests */ = {
			isa = PBXGroup;
			children = (
				7ECB330E1F7D0FF100454711 /* hustle_modeTests.swift */,
				7ECB33101F7D0FF200454711 /* Info.plist */,
			);
			path = "hustle-modeTests";
			sourceTree = "<group>";
		};
		7ECB33181F7D0FF200454711 /* hustle-modeUITests */ = {
			isa = PBXGroup;
			children = (
				7ECB33191F7D0FF200454711 /* hustle_modeUITests.swift */,
				7ECB331B1F7D0FF200454711 /* Info.plist */,
			);
			path = "hustle-modeUITests";
			sourceTree = "<group>";
		};
/* End PBXGroup section */

/* Begin PBXNativeTarget section */
		7ECB32F51F7D0FF100454711 /* hustle-mode */ = {
			isa = PBXNativeTarget;
			buildConfigurationList = 7ECB331E1F7D0FF200454711 /* Build configuration list for PBXNativeTarget "hustle-mode" */;
			buildPhases = (
				7ECB32F21F7D0FF100454711 /* Sources */,
				7ECB32F31F7D0FF100454711 /* Frameworks */,
				7ECB32F41F7D0FF100454711 /* Resources */,
			);
			buildRules = (
			);
			dependencies = (
			);
			name = "hustle-mode";
			productName = "hustle-mode";
			productReference = 7ECB32F61F7D0FF100454711 /* hustle-mode.app */;
			productType = "com.apple.product-type.application";
		};
		7ECB33091F7D0FF100454711 /* hustle-modeTests */ = {
			isa = PBXNativeTarget;
			buildConfigurationList = 7ECB33211F7D0FF200454711 /* Build configuration list for PBXNativeTarget "hustle-modeTests" */;
			buildPhases = (
				7ECB33061F7D0FF100454711 /* Sources */,
				7ECB33071F7D0FF100454711 /* Frameworks */,
				7ECB33081F7D0FF100454711 /* Resources */,
			);
			buildRules = (
			);
			dependencies = (
				7ECB330C1F7D0FF100454711 /* PBXTargetDependency */,
			);
			name = "hustle-modeTests";
			productName = "hustle-modeTests";
			productReference = 7ECB330A1F7D0FF100454711 /* hustle-modeTests.xctest */;
			productType = "com.apple.product-type.bundle.unit-test";
		};
		7ECB33141F7D0FF200454711 /* hustle-modeUITests */ = {
			isa = PBXNativeTarget;
			buildConfigurationList = 7ECB33241F7D0FF200454711 /* Build configuration list for PBXNativeTarget "hustle-modeUITests" */;
			buildPhases = (
				7ECB33111F7D0FF200454711 /* Sources */,
				7ECB33121F7D0FF200454711 /* Frameworks */,
				7ECB33131F7D0FF200454711 /* Resources */,
			);
			buildRules = (
			);
			dependencies = (
				7ECB33171F7D0FF200454711 /* PBXTargetDependency */,
			);
			name = "hustle-modeUITests";
			productName = "hustle-modeUITests";
			productReference = 7ECB33151F7D0FF200454711 /* hustle-modeUITests.xctest */;
			productType = "com.apple.product-type.bundle.ui-testing";
		};
/* End PBXNativeTarget section */

/* Begin PBXProject section */
		7ECB32EE1F7D0FF100454711 /* Project object */ = {
			isa = PBXProject;
			attributes = {
				LastSwiftUpdateCheck = 0900;
				LastUpgradeCheck = 0900;
				ORGANIZATIONNAME = "Ahmed Elbasha";
				TargetAttributes = {
					7ECB32F51F7D0FF100454711 = {
						CreatedOnToolsVersion = 9.0;
						ProvisioningStyle = Automatic;
					};
					7ECB33091F7D0FF100454711 = {
						CreatedOnToolsVersion = 9.0;
						ProvisioningStyle = Automatic;
						TestTargetID = 7ECB32F51F7D0FF100454711;
					};
					7ECB33141F7D0FF200454711 = {
						CreatedOnToolsVersion = 9.0;
						ProvisioningStyle = Automatic;
						TestTargetID = 7ECB32F51F7D0FF100454711;
					};
				};
			};
			buildConfigurationList = 7ECB32F11F7D0FF100454711 /* Build configuration list for PBXProject "hustle-mode" */;
			compatibilityVersion = "Xcode 8.0";
			developmentRegion = en;
			hasScannedForEncodings = 0;
			knownRegions = (
				en,
				Base,
			);
			mainGroup = 7ECB32ED1F7D0FF100454711;
			productRefGroup = 7ECB32F71F7D0FF100454711 /* Products */;
			projectDirPath = "";
			projectRoot = "";
			targets = (
				7ECB32F51F7D0FF100454711 /* hustle-mode */,
				7ECB33091F7D0FF100454711 /* hustle-modeTests */,
				7ECB33141F7D0FF200454711 /* hustle-modeUITests */,
			);
		};
/* End PBXProject section */

/* Begin PBXResourcesBuildPhase section */
		7ECB32F41F7D0FF100454711 /* Resources */ = {
			isa = PBXResourcesBuildPhase;
			buildActionMask = 2147483647;
			files = (
				7E2440021F7D4962006019D6 /* hustle-on.wav in Resources */,
				7ECB33041F7D0FF100454711 /* LaunchScreen.storyboard in Resources */,
				7ECB33011F7D0FF100454711 /* Assets.xcassets in Resources */,
				7ECB32FF1F7D0FF100454711 /* Main.storyboard in Resources */,
			);
			runOnlyForDeploymentPostprocessing = 0;
		};
		7ECB33081F7D0FF100454711 /* Resources */ = {
			isa = PBXResourcesBuildPhase;
			buildActionMask = 2147483647;
			files = (
			);
			runOnlyForDeploymentPostprocessing = 0;
		};
		7ECB33131F7D0FF200454711 /* Resources */ = {
			isa = PBXResourcesBuildPhase;
			buildActionMask = 2147483647;
			files = (
			);
			runOnlyForDeploymentPostprocessing = 0;
		};
/* End PBXResourcesBuildPhase section */

/* Begin PBXSourcesBuildPhase section */
		7ECB32F21F7D0FF100454711 /* Sources */ = {
			isa = PBXSourcesBuildPhase;
			buildActionMask = 2147483647;
			files = (
				7ECB32FC1F7D0FF100454711 /* ViewController.swift in Sources */,
				7ECB32FA1F7D0FF100454711 /* AppDelegate.swift in Sources */,
			);
			runOnlyForDeploymentPostprocessing = 0;
		};
		7ECB33061F7D0FF100454711 /* Sources */ = {
			isa = PBXSourcesBuildPhase;
			buildActionMask = 2147483647;
			files = (
				7ECB330F1F7D0FF100454711 /* hustle_modeTests.swift in Sources */,
			);
			runOnlyForDeploymentPostprocessing = 0;
		};
		7ECB33111F7D0FF200454711 /* Sources */ = {
			isa = PBXSourcesBuildPhase;
			buildActionMask = 2147483647;
			files = (
				7ECB331A1F7D0FF200454711 /* hustle_modeUITests.swift in Sources */,
			);
			runOnlyForDeploymentPostprocessing = 0;
		};
/* End PBXSourcesBuildPhase section */

/* Begin PBXTargetDependency section */
		7ECB330C1F7D0FF100454711 /* PBXTargetDependency */ = {
			isa = PBXTargetDependency;
			target = 7ECB32F51F7D0FF100454711 /* hustle-mode */;
			targetProxy = 7ECB330B1F7D0FF100454711 /* PBXContainerItemProxy */;
		};
		7ECB33171F7D0FF200454711 /* PBXTargetDependency */ = {
			isa = PBXTargetDependency;
			target = 7ECB32F51F7D0FF100454711 /* hustle-mode */;
			targetProxy = 7ECB33161F7D0FF200454711 /* PBXContainerItemProxy */;
		};
/* End PBXTargetDependency section */

/* Begin PBXVariantGroup section */
		7ECB32FD1F7D0FF100454711 /* Main.storyboard */ = {
			isa = PBXVariantGroup;
			children = (
				7ECB32FE1F7D0FF100454711 /* Base */,
			);
			name = Main.storyboard;
			sourceTree = "<group>";
		};
		7ECB33021F7D0FF100454711 /* LaunchScreen.storyboard */ = {
			isa = PBXVariantGroup;
			children = (
				7ECB33031F7D0FF100454711 /* Base */,
			);
			name = LaunchScreen.storyboard;
			sourceTree = "<group>";
		};
/* End PBXVariantGroup section */

/* Begin XCBuildConfiguration section */
		7ECB331C1F7D0FF200454711 /* Debug */ = {
			isa = XCBuildConfiguration;
			buildSettings = {
				ALWAYS_SEARCH_USER_PATHS = NO;
				CLANG_ANALYZER_NONNULL = YES;
				CLANG_ANALYZER_NUMBER_OBJECT_CONVERSION = YES_AGGRESSIVE;
				CLANG_CXX_LANGUAGE_STANDARD = "gnu++14";
				CLANG_CXX_LIBRARY = "libc++";
				CLANG_ENABLE_MODULES = YES;
				CLANG_ENABLE_OBJC_ARC = YES;
				CLANG_WARN_BLOCK_CAPTURE_AUTORELEASING = YES;
				CLANG_WARN_BOOL_CONVERSION = YES;
				CLANG_WARN_COMMA = YES;
				CLANG_WARN_CONSTANT_CONVERSION = YES;
				CLANG_WARN_DIRECT_OBJC_ISA_USAGE = YES_ERROR;
				CLANG_WARN_DOCUMENTATION_COMMENTS = YES;
				CLANG_WARN_EMPTY_BODY = YES;
				CLANG_WARN_ENUM_CONVERSION = YES;
				CLANG_WARN_INFINITE_RECURSION = YES;
				CLANG_WARN_INT_CONVERSION = YES;
				CLANG_WARN_NON_LITERAL_NULL_CONVERSION = YES;
				CLANG_WARN_OBJC_LITERAL_CONVERSION = YES;
				CLANG_WARN_OBJC_ROOT_CLASS = YES_ERROR;
				CLANG_WARN_RANGE_LOOP_ANALYSIS = YES;
				CLANG_WARN_STRICT_PROTOTYPES = YES;
				CLANG_WARN_SUSPICIOUS_MOVE = YES;
				CLANG_WARN_UNGUARDED_AVAILABILITY = YES_AGGRESSIVE;
				CLANG_WARN_UNREACHABLE_CODE = YES;
				CLANG_WARN__DUPLICATE_METHOD_MATCH = YES;
				CODE_SIGN_IDENTITY = "iPhone Developer";
				COPY_PHASE_STRIP = NO;
				DEBUG_INFORMATION_FORMAT = dwarf;
				ENABLE_STRICT_OBJC_MSGSEND = YES;
				ENABLE_TESTABILITY = YES;
				GCC_C_LANGUAGE_STANDARD = gnu11;
				GCC_DYNAMIC_NO_PIC = NO;
				GCC_NO_COMMON_BLOCKS = YES;
				GCC_OPTIMIZATION_LEVEL = 0;
				GCC_PREPROCESSOR_DEFINITIONS = (
					"DEBUG=1",
					"$(inherited)",
				);
				GCC_WARN_64_TO_32_BIT_CONVERSION = YES;
				GCC_WARN_ABOUT_RETURN_TYPE = YES_ERROR;
				GCC_WARN_UNDECLARED_SELECTOR = YES;
				GCC_WARN_UNINITIALIZED_AUTOS = YES_AGGRESSIVE;
				GCC_WARN_UNUSED_FUNCTION = YES;
				GCC_WARN_UNUSED_VARIABLE = YES;
				IPHONEOS_DEPLOYMENT_TARGET = 11.0;
				MTL_ENABLE_DEBUG_INFO = YES;
				ONLY_ACTIVE_ARCH = YES;
				SDKROOT = iphoneos;
				SWIFT_ACTIVE_COMPILATION_CONDITIONS = DEBUG;
				SWIFT_OPTIMIZATION_LEVEL = "-Onone";
			};
			name = Debug;
		};
		7ECB331D1F7D0FF200454711 /* Release */ = {
			isa = XCBuildConfiguration;
			buildSettings = {
				ALWAYS_SEARCH_USER_PATHS = NO;
				CLANG_ANALYZER_NONNULL = YES;
				CLANG_ANALYZER_NUMBER_OBJECT_CONVERSION = YES_AGGRESSIVE;
				CLANG_CXX_LANGUAGE_STANDARD = "gnu++14";
				CLANG_CXX_LIBRARY = "libc++";
				CLANG_ENABLE_MODULES = YES;
				CLANG_ENABLE_OBJC_ARC = YES;
				CLANG_WARN_BLOCK_CAPTURE_AUTORELEASING = YES;
				CLANG_WARN_BOOL_CONVERSION = YES;
				CLANG_WARN_COMMA = YES;
				CLANG_WARN_CONSTANT_CONVERSION = YES;
				CLANG_WARN_DIRECT_OBJC_ISA_USAGE = YES_ERROR;
				CLANG_WARN_DOCUMENTATION_COMMENTS = YES;
				CLANG_WARN_EMPTY_BODY = YES;
				CLANG_WARN_ENUM_CONVERSION = YES;
				CLANG_WARN_INFINITE_RECURSION = YES;
				CLANG_WARN_INT_CONVERSION = YES;
				CLANG_WARN_NON_LITERAL_NULL_CONVERSION = YES;
				CLANG_WARN_OBJC_LITERAL_CONVERSION = YES;
				CLANG_WARN_OBJC_ROOT_CLASS = YES_ERROR;
				CLANG_WARN_RANGE_LOOP_ANALYSIS = YES;
				CLANG_WARN_STRICT_PROTOTYPES = YES;
				CLANG_WARN_SUSPICIOUS_MOVE = YES;
				CLANG_WARN_UNGUARDED_AVAILABILITY = YES_AGGRESSIVE;
				CLANG_WARN_UNREACHABLE_CODE = YES;
				CLANG_WARN__DUPLICATE_METHOD_MATCH = YES;
				CODE_SIGN_IDENTITY = "iPhone Developer";
				COPY_PHASE_STRIP = NO;
				DEBUG_INFORMATION_FORMAT = "dwarf-with-dsym";
				ENABLE_NS_ASSERTIONS = NO;
				ENABLE_STRICT_OBJC_MSGSEND = YES;
				GCC_C_LANGUAGE_STANDARD = gnu11;
				GCC_NO_COMMON_BLOCKS = YES;
				GCC_WARN_64_TO_32_BIT_CONVERSION = YES;
				GCC_WARN_ABOUT_RETURN_TYPE = YES_ERROR;
				GCC_WARN_UNDECLARED_SELECTOR = YES;
				GCC_WARN_UNINITIALIZED_AUTOS = YES_AGGRESSIVE;
				GCC_WARN_UNUSED_FUNCTION = YES;
				GCC_WARN_UNUSED_VARIABLE = YES;
				IPHONEOS_DEPLOYMENT_TARGET = 11.0;
				MTL_ENABLE_DEBUG_INFO = NO;
				SDKROOT = iphoneos;
				SWIFT_OPTIMIZATION_LEVEL = "-Owholemodule";
				VALIDATE_PRODUCT = YES;
			};
			name = Release;
		};
		7ECB331F1F7D0FF200454711 /* Debug */ = {
			isa = XCBuildConfiguration;
			buildSettings = {
				ASSETCATALOG_COMPILER_APPICON_NAME = AppIcon;
				CODE_SIGN_STYLE = Automatic;
				INFOPLIST_FILE = "hustle-mode/Info.plist";
				LD_RUNPATH_SEARCH_PATHS = "$(inherited) @executable_path/Frameworks";
				PRODUCT_BUNDLE_IDENTIFIER = "com.AhmedElbasha..hustle-mode";
				PRODUCT_NAME = "$(TARGET_NAME)";
				SWIFT_VERSION = 4.0;
				TARGETED_DEVICE_FAMILY = "1,2";
			};
			name = Debug;
		};
		7ECB33201F7D0FF200454711 /* Release */ = {
			isa = XCBuildConfiguration;
			buildSettings = {
				ASSETCATALOG_COMPILER_APPICON_NAME = AppIcon;
				CODE_SIGN_STYLE = Automatic;
				INFOPLIST_FILE = "hustle-mode/Info.plist";
				LD_RUNPATH_SEARCH_PATHS = "$(inherited) @executable_path/Frameworks";
				PRODUCT_BUNDLE_IDENTIFIER = "com.AhmedElbasha..hustle-mode";
				PRODUCT_NAME = "$(TARGET_NAME)";
				SWIFT_VERSION = 4.0;
				TARGETED_DEVICE_FAMILY = "1,2";
			};
			name = Release;
		};
		7ECB33221F7D0FF200454711 /* Debug */ = {
			isa = XCBuildConfiguration;
			buildSettings = {
				ALWAYS_EMBED_SWIFT_STANDARD_LIBRARIES = YES;
				BUNDLE_LOADER = "$(TEST_HOST)";
				CODE_SIGN_STYLE = Automatic;
				INFOPLIST_FILE = "hustle-modeTests/Info.plist";
				LD_RUNPATH_SEARCH_PATHS = "$(inherited) @executable_path/Frameworks @loader_path/Frameworks";
				PRODUCT_BUNDLE_IDENTIFIER = "com.AhmedElbasha..hustle-modeTests";
				PRODUCT_NAME = "$(TARGET_NAME)";
				SWIFT_VERSION = 4.0;
				TARGETED_DEVICE_FAMILY = "1,2";
				TEST_HOST = "$(BUILT_PRODUCTS_DIR)/hustle-mode.app/hustle-mode";
			};
			name = Debug;
		};
		7ECB33231F7D0FF200454711 /* Release */ = {
			isa = XCBuildConfiguration;
			buildSettings = {
				ALWAYS_EMBED_SWIFT_STANDARD_LIBRARIES = YES;
				BUNDLE_LOADER = "$(TEST_HOST)";
				CODE_SIGN_STYLE = Automatic;
				INFOPLIST_FILE = "hustle-modeTests/Info.plist";
				LD_RUNPATH_SEARCH_PATHS = "$(inherited) @executable_path/Frameworks @loader_path/Frameworks";
				PRODUCT_BUNDLE_IDENTIFIER = "com.AhmedElbasha..hustle-modeTests";
				PRODUCT_NAME = "$(TARGET_NAME)";
				SWIFT_VERSION = 4.0;
				TARGETED_DEVICE_FAMILY = "1,2";
				TEST_HOST = "$(BUILT_PRODUCTS_DIR)/hustle-mode.app/hustle-mode";
			};
			name = Release;
		};
		7ECB33251F7D0FF200454711 /* Debug */ = {
			isa = XCBuildConfiguration;
			buildSettings = {
				ALWAYS_EMBED_SWIFT_STANDARD_LIBRARIES = YES;
				CODE_SIGN_STYLE = Automatic;
				INFOPLIST_FILE = "hustle-modeUITests/Info.plist";
				LD_RUNPATH_SEARCH_PATHS = "$(inherited) @executable_path/Frameworks @loader_path/Frameworks";
				PRODUCT_BUNDLE_IDENTIFIER = "com.AhmedElbasha..hustle-modeUITests";
				PRODUCT_NAME = "$(TARGET_NAME)";
				SWIFT_VERSION = 4.0;
				TARGETED_DEVICE_FAMILY = "1,2";
				TEST_TARGET_NAME = "hustle-mode";
			};
			name = Debug;
		};
		7ECB33261F7D0FF200454711 /* Release */ = {
			isa = XCBuildConfiguration;
			buildSettings = {
				ALWAYS_EMBED_SWIFT_STANDARD_LIBRARIES = YES;
				CODE_SIGN_STYLE = Automatic;
				INFOPLIST_FILE = "hustle-modeUITests/Info.plist";
				LD_RUNPATH_SEARCH_PATHS = "$(inherited) @executable_path/Frameworks @loader_path/Frameworks";
				PRODUCT_BUNDLE_IDENTIFIER = "com.AhmedElbasha..hustle-modeUITests";
				PRODUCT_NAME = "$(TARGET_NAME)";
				SWIFT_VERSION = 4.0;
				TARGETED_DEVICE_FAMILY = "1,2";
				TEST_TARGET_NAME = "hustle-mode";
			};
			name = Release;
		};
/* End XCBuildConfiguration section */

/* Begin XCConfigurationList section */
		7ECB32F11F7D0FF100454711 /* Build configuration list for PBXProject "hustle-mode" */ = {
			isa = XCConfigurationList;
			buildConfigurations = (
				7ECB331C1F7D0FF200454711 /* Debug */,
				7ECB331D1F7D0FF200454711 /* Release */,
			);
			defaultConfigurationIsVisible = 0;
			defaultConfigurationName = Release;
		};
		7ECB331E1F7D0FF200454711 /* Build configuration list for PBXNativeTarget "hustle-mode" */ = {
			isa = XCConfigurationList;
			buildConfigurations = (
				7ECB331F1F7D0FF200454711 /* Debug */,
				7ECB33201F7D0FF200454711 /* Release */,
			);
			defaultConfigurationIsVisible = 0;
			defaultConfigurationName = Release;
		};
		7ECB33211F7D0FF200454711 /* Build configuration list for PBXNativeTarget "hustle-modeTests" */ = {
			isa = XCConfigurationList;
			buildConfigurations = (
				7ECB33221F7D0FF200454711 /* Debug */,
				7ECB33231F7D0FF200454711 /* Release */,
			);
			defaultConfigurationIsVisible = 0;
			defaultConfigurationName = Release;
		};
		7ECB33241F7D0FF200454711 /* Build configuration list for PBXNativeTarget "hustle-modeUITests" */ = {
			isa = XCConfigurationList;
			buildConfigurations = (
				7ECB33251F7D0FF200454711 /* Debug */,
				7ECB33261F7D0FF200454711 /* Release */,
			);
			defaultConfigurationIsVisible = 0;
			defaultConfigurationName = Release;
		};
/* End XCConfigurationList section */
	};
	rootObject = 7ECB32EE1F7D0FF100454711 /* Project object */;
}
